
Microsoft Visual Studio Solution File, Format Version 12.00
# Visual Studio Version 17
VisualStudioVersion = 17.14.36109.1 d17.14
MinimumVisualStudioVersion = 10.0.40219.1
Project("{FAE04EC0-301F-11D3-BF4B-00C04F79EFBC}") = "Exo1Receiver", "Exo1Receiver.csproj", "{ABCFAA1D-1724-43F5-BBCF-7998F8F72071}"
EndProject
Global
	GlobalSection(SolutionConfigurationPlatforms) = preSolution
		Debug|Any CPU = Debug|Any CPU
		Release|Any CPU = Release|Any CPU
	EndGlobalSection
	GlobalSection(ProjectConfigurationPlatforms) = postSolution
		{ABCFAA1D-1724-43F5-BBCF-7998F8F72071}.Debug|Any CPU.ActiveCfg = Debug|Any CPU
		{ABCFAA1D-1724-43F5-BBCF-7998F8F72071}.Debug|Any CPU.Build.0 = Debug|Any CPU
		{ABCFAA1D-1724-43F5-BBCF-7998F8F72071}.Release|Any CPU.ActiveCfg = Release|Any CPU
		{ABCFAA1D-1724-43F5-BBCF-7998F8F72071}.Release|Any CPU.Build.0 = Release|Any CPU
	EndGlobalSection
	GlobalSection(SolutionProperties) = preSolution
		HideSolutionNode = FALSE
	EndGlobalSection
	GlobalSection(ExtensibilityGlobals) = postSolution
		SolutionGuid = {72E98C87-88F3-460A-A929-B3DD5A2C87EB}
	EndGlobalSection
EndGlobal
